
Microsoft Visual Studio Solution File, Format Version 12.00
# Visual Studio Version 17
VisualStudioVersion = 17.9.34622.214
MinimumVisualStudioVersion = 10.0.40219.1
Project("{FAE04EC0-301F-11D3-BF4B-00C04F79EFBC}") = "DrawAppUI", "DrawAppUI\DrawAppUI.csproj", "{C21CBF71-0B9E-4150-9C96-B61F115729DC}"
EndProject
Global
	GlobalSection(SolutionConfigurationPlatforms) = preSolution
		Debug|Any CPU = Debug|Any CPU
		Release|Any CPU = Release|Any CPU
	EndGlobalSection
	GlobalSection(ProjectConfigurationPlatforms) = postSolution
		{C21CBF71-0B9E-4150-9C96-B61F115729DC}.Debug|Any CPU.ActiveCfg = Debug|Any CPU
		{C21CBF71-0B9E-4150-9C96-B61F115729DC}.Debug|Any CPU.Build.0 = Debug|Any CPU
		{C21CBF71-0B9E-4150-9C96-B61F115729DC}.Release|Any CPU.ActiveCfg = Release|Any CPU
		{C21CBF71-0B9E-4150-9C96-B61F115729DC}.Release|Any CPU.Build.0 = Release|Any CPU
	EndGlobalSection
	GlobalSection(SolutionProperties) = preSolution
		HideSolutionNode = FALSE
	EndGlobalSection
	GlobalSection(ExtensibilityGlobals) = postSolution
		SolutionGuid = {D574BBD5-9C31-459D-BD07-CB31616A25B5}
	EndGlobalSection
EndGlobal
